# THIS IS AN AUTOGENERATED FILE. DO NOT EDIT THIS FILE DIRECTLY.
# yarn lockfile v1


"@algolia/cache-browser-local-storage@4.12.1":
  version "4.12.1"
  resolved "https://registry.yarnpkg.com/@algolia/cache-browser-local-storage/-/cache-browser-local-storage-4.12.1.tgz#23f4f219963b96918d0524acd09d4d646541d888"
  integrity sha512-ERFFOnC9740xAkuO0iZTQqm2AzU7Dpz/s+g7o48GlZgx5p9GgNcsuK5eS0GoW/tAK+fnKlizCtlFHNuIWuvfsg==
  dependencies:
    "@algolia/cache-common" "4.12.1"

"@algolia/cache-common@4.12.1":
  version "4.12.1"
  resolved "https://registry.yarnpkg.com/@algolia/cache-common/-/cache-common-4.12.1.tgz#d3f1676ca9c404adce0f78d68f6381bedb44cd9c"
  integrity sha512-UugTER3V40jT+e19Dmph5PKMeliYKxycNPwrPNADin0RcWNfT2QksK9Ff2N2W7UKraqMOzoeDb4LAJtxcK1a8Q==

"@algolia/cache-in-memory@4.12.1":
  version "4.12.1"
  resolved "https://registry.yarnpkg.com/@algolia/cache-in-memory/-/cache-in-memory-4.12.1.tgz#0ef6aac2f8feab5b46fc130beb682bbd21b55244"
  integrity sha512-U6iaunaxK1lHsAf02UWF58foKFEcrVLsHwN56UkCtwn32nlP9rz52WOcHsgk6TJrL8NDcO5swMjtOQ5XHESFLw==
  dependencies:
    "@algolia/cache-common" "4.12.1"

"@algolia/client-account@4.12.1":
  version "4.12.1"
  resolved "https://registry.yarnpkg.com/@algolia/client-account/-/client-account-4.12.1.tgz#e838c9283db2fab32a425dd13c77da321d48fd8b"
  integrity sha512-jGo4ConJNoMdTCR2zouO0jO/JcJmzOK6crFxMMLvdnB1JhmMbuIKluOTJVlBWeivnmcsqb7r0v7qTCPW5PAyxQ==
  dependencies:
    "@algolia/client-common" "4.12.1"
    "@algolia/client-search" "4.12.1"
    "@algolia/transporter" "4.12.1"

"@algolia/client-analytics@4.12.1":
  version "4.12.1"
  resolved "https://registry.yarnpkg.com/@algolia/client-analytics/-/client-analytics-4.12.1.tgz#2976d658655a1590cf84cfb596aa75a204f6dec4"
  integrity sha512-h1It7KXzIthlhuhfBk7LteYq72tym9maQDUsyRW0Gft8b6ZQahnRak9gcCvKwhcJ1vJoP7T7JrNYGiYSicTD9g==
  dependencies:
    "@algolia/client-common" "4.12.1"
    "@algolia/client-search" "4.12.1"
    "@algolia/requester-common" "4.12.1"
    "@algolia/transporter" "4.12.1"

"@algolia/client-common@4.12.1":
  version "4.12.1"
  resolved "https://registry.yarnpkg.com/@algolia/client-common/-/client-common-4.12.1.tgz#104ccefe96bda3ff926bc70c31ff6d17c41b6107"
  integrity sha512-obnJ8eSbv+h94Grk83DTGQ3bqhViSWureV6oK1s21/KMGWbb3DkduHm+lcwFrMFkjSUSzosLBHV9EQUIBvueTw==
  dependencies:
    "@algolia/requester-common" "4.12.1"
    "@algolia/transporter" "4.12.1"

"@algolia/client-personalization@4.12.1":
  version "4.12.1"
  resolved "https://registry.yarnpkg.com/@algolia/client-personalization/-/client-personalization-4.12.1.tgz#f63d1890f95de850e1c8e41c1d57adda521d9e7f"
  integrity sha512-sMSnjjPjRgByGHYygV+5L/E8a6RgU7l2GbpJukSzJ9GRY37tHmBHuvahv8JjdCGJ2p7QDYLnQy5bN5Z02qjc7Q==
  dependencies:
    "@algolia/client-common" "4.12.1"
    "@algolia/requester-common" "4.12.1"
    "@algolia/transporter" "4.12.1"

"@algolia/client-search@4.12.1":
  version "4.12.1"
  resolved "https://registry.yarnpkg.com/@algolia/client-search/-/client-search-4.12.1.tgz#fcd7a974be5d39d5c336d7f2e89577ffa66aefdd"
  integrity sha512-MwwKKprfY6X2nJ5Ki/ccXM2GDEePvVjZnnoOB2io3dLKW4fTqeSRlC5DRXeFD7UM0vOPPHr4ItV2aj19APKNVQ==
  dependencies:
    "@algolia/client-common" "4.12.1"
    "@algolia/requester-common" "4.12.1"
    "@algolia/transporter" "4.12.1"

"@algolia/events@^4.0.1":
  version "4.0.1"
  resolved "https://registry.yarnpkg.com/@algolia/events/-/events-4.0.1.tgz#fd39e7477e7bc703d7f893b556f676c032af3950"
  integrity sha512-FQzvOCgoFXAbf5Y6mYozw2aj5KCJoA3m4heImceldzPSMbdyS4atVjJzXKMsfX3wnZTFYwkkt8/z8UesLHlSBQ==

"@algolia/logger-common@4.12.1":
  version "4.12.1"
  resolved "https://registry.yarnpkg.com/@algolia/logger-common/-/logger-common-4.12.1.tgz#d6501b4d9d242956257ba8e10f6b4bbf6863baa4"
  integrity sha512-fCgrzlXGATNqdFTxwx0GsyPXK+Uqrx1SZ3iuY2VGPPqdt1a20clAG2n2OcLHJpvaa6vMFPlJyWvbqAgzxdxBlQ==

"@algolia/logger-console@4.12.1":
  version "4.12.1"
  resolved "https://registry.yarnpkg.com/@algolia/logger-console/-/logger-console-4.12.1.tgz#841edd39dd5c5530a69fc66084bfee3254dd0807"
  integrity sha512-0owaEnq/davngQMYqxLA4KrhWHiXujQ1CU3FFnyUcMyBR7rGHI48zSOUpqnsAXrMBdSH6rH5BDkSUUFwsh8RkQ==
  dependencies:
    "@algolia/logger-common" "4.12.1"

"@algolia/requester-browser-xhr@4.12.1":
  version "4.12.1"
  resolved "https://registry.yarnpkg.com/@algolia/requester-browser-xhr/-/requester-browser-xhr-4.12.1.tgz#2d0c18ee188d7cae0e4a930e5e89989e3c4a816b"
  integrity sha512-OaMxDyG0TZG0oqz1lQh9e3woantAG1bLnuwq3fmypsrQxra4IQZiyn1x+kEb69D2TcXApI5gOgrD4oWhtEVMtw==
  dependencies:
    "@algolia/requester-common" "4.12.1"

"@algolia/requester-common@4.12.1":
  version "4.12.1"
  resolved "https://registry.yarnpkg.com/@algolia/requester-common/-/requester-common-4.12.1.tgz#95bb6539da7199da3e205341cea8f27267f7af29"
  integrity sha512-XWIrWQNJ1vIrSuL/bUk3ZwNMNxl+aWz6dNboRW6+lGTcMIwc3NBFE90ogbZKhNrFRff8zI4qCF15tjW+Fyhpow==

"@algolia/requester-node-http@4.12.1":
  version "4.12.1"
  resolved "https://registry.yarnpkg.com/@algolia/requester-node-http/-/requester-node-http-4.12.1.tgz#c9df97ff1daa7e58c5c2b1f28cf7163005edccb0"
  integrity sha512-awBtwaD+s0hxkA1aehYn8F0t9wqGoBVWgY4JPHBmp1ChO3pK7RKnnvnv7QQa9vTlllX29oPt/BBVgMo1Z3n1Qg==
  dependencies:
    "@algolia/requester-common" "4.12.1"

"@algolia/transporter@4.12.1":
  version "4.12.1"
  resolved "https://registry.yarnpkg.com/@algolia/transporter/-/transporter-4.12.1.tgz#61b9829916c474f42e2d4a6eada0d6c138379945"
  integrity sha512-BGeNgdEHc6dXIk2g8kdlOoQ6fQ6OIaKQcplEj7HPoi+XZUeAvRi3Pff3QWd7YmybWkjzd9AnTzieTASDWhL+sQ==
  dependencies:
    "@algolia/cache-common" "4.12.1"
    "@algolia/logger-common" "4.12.1"
    "@algolia/requester-common" "4.12.1"

"@algolia/ui-components-highlight-vdom@^1.2.1":
  version "1.2.1"
  resolved "https://registry.yarnpkg.com/@algolia/ui-components-highlight-vdom/-/ui-components-highlight-vdom-1.2.1.tgz#c430c9f090ef8c68477ef4b685324ed231ce0c13"
  integrity sha512-IlYgIaCUEkz9ezNbwugwKv991oOHhveyq6nzL0F1jDzg1p3q5Yj/vO4KpNG910r2dwGCG3nEm5GtChcLnarhFA==
  dependencies:
    "@algolia/ui-components-shared" "1.2.1"
    "@babel/runtime" "^7.0.0"

"@algolia/ui-components-shared@1.2.1", "@algolia/ui-components-shared@^1.2.1":
  version "1.2.1"
  resolved "https://registry.yarnpkg.com/@algolia/ui-components-shared/-/ui-components-shared-1.2.1.tgz#62e3a04fc11623f149312942cd764d4528dd994c"
  integrity sha512-a7mYHf/GVQfhAx/HRiMveKkFvHspQv/REdG+C/FIOosiSmNZxX7QebDwJkrGSmDWdXO12D0Qv1xn3AytFcEDlQ==

"@babel/helper-string-parser@^7.27.1":
  version "7.27.1"
  resolved "https://registry.yarnpkg.com/@babel/helper-string-parser/-/helper-string-parser-7.27.1.tgz#54da796097ab19ce67ed9f88b47bb2ec49367687"
  integrity sha512-qMlSxKbpRlAridDExk92nSobyDdpPijUq2DW6oDnUqd0iOGxmQjyqhMIihI9+zv4LPyZdRje2cavWPbCbWm3eA==

"@babel/helper-validator-identifier@^7.27.1":
  version "7.27.1"
  resolved "https://registry.yarnpkg.com/@babel/helper-validator-identifier/-/helper-validator-identifier-7.27.1.tgz#a7054dcc145a967dd4dc8fee845a57c1316c9df8"
  integrity sha512-D2hP9eA+Sqx1kBZgzxZh0y1trbuU+JoDkiEwqhQ36nodYqJwyEIhPSdMNd7lOm/4io72luTPWH20Yda0xOuUow==

"@babel/parser@^7.28.0":
  version "7.28.0"
  resolved "https://registry.yarnpkg.com/@babel/parser/-/parser-7.28.0.tgz#979829fbab51a29e13901e5a80713dbcb840825e"
  integrity sha512-jVZGvOxOuNSsuQuLRTh13nU0AogFlw32w/MT+LV6D3sP5WdbW61E77RnkbaO2dUvmPAYrBDJXGn5gGS6tH4j8g==
  dependencies:
    "@babel/types" "^7.28.0"

"@babel/runtime@^7.0.0":
  version "7.21.0"
  resolved "https://registry.yarnpkg.com/@babel/runtime/-/runtime-7.21.0.tgz#5b55c9d394e5fcf304909a8b00c07dc217b56673"
  integrity sha512-xwII0//EObnq89Ji5AKYQaRYiW/nZ3llSv29d49IuxPhKbtJoLP+9QUUZ4nVragQVtaVGeZrpB+ZtG/Pdy/POw==
  dependencies:
    regenerator-runtime "^0.13.11"

"@babel/types@^7.28.0":
  version "7.28.2"
  resolved "https://registry.yarnpkg.com/@babel/types/-/types-7.28.2.tgz#da9db0856a9a88e0a13b019881d7513588cf712b"
  integrity sha512-ruv7Ae4J5dUYULmeXw1gmb7rYRz57OWCPM57pHojnLq/3Z1CK2lNSLTCVjxVk1F/TZHwOZZrOWi0ur95BbLxNQ==
  dependencies:
    "@babel/helper-string-parser" "^7.27.1"
    "@babel/helper-validator-identifier" "^7.27.1"

"@jridgewell/sourcemap-codec@^1.5.0":
  version "1.5.4"
  resolved "https://registry.yarnpkg.com/@jridgewell/sourcemap-codec/-/sourcemap-codec-1.5.4.tgz#7358043433b2e5da569aa02cbc4c121da3af27d7"
  integrity sha512-VT2+G1VQs/9oz078bLrYbecdZKs912zQlkelYpuf+SXF+QvZDYJlbx/LSx+meSAwdDFnF8FVXW92AVjjkVmgFw==

"@types/dom-speech-recognition@^0.0.1":
  version "0.0.1"
  resolved "https://registry.yarnpkg.com/@types/dom-speech-recognition/-/dom-speech-recognition-0.0.1.tgz#e326761a04b4a49c0eec2ac7948afc1c6aa12baa"
  integrity sha512-udCxb8DvjcDKfk1WTBzDsxFbLgYxmQGKrE/ricoMqHRNjSlSUCcamVTA5lIQqzY10mY5qCY0QDwBfFEwhfoDPw==

"@types/google.maps@^3.45.3":
  version "3.45.6"
  resolved "https://registry.yarnpkg.com/@types/google.maps/-/google.maps-3.45.6.tgz#441a7bc76424243b307596fc8d282a435a979ebd"
  integrity sha512-BzGzxs8UXFxeP8uN/0nRgGbsbpYQxSCKsv/7S8OitU7wwhfFcqQSm5aAcL1nbwueMiJ/VVmIZKPq69s0kX5W+Q==

"@types/hogan.js@^3.0.0":
  version "3.0.1"
  resolved "https://registry.yarnpkg.com/@types/hogan.js/-/hogan.js-3.0.1.tgz#64c54407b30da359763e14877f5702b8ae85d61c"
  integrity sha512-D03i/2OY7kGyMq9wdQ7oD8roE49z/ZCZThe/nbahtvuqCNZY9T2MfedOWyeBdbEpY2W8Gnh/dyJLdFtUCOkYbg==

"@types/qs@^6.5.3":
  version "6.9.7"
  resolved "https://registry.yarnpkg.com/@types/qs/-/qs-6.9.7.tgz#63bb7d067db107cc1e457c303bc25d511febf6cb"
  integrity sha512-FGa1F62FT09qcrueBA6qYTrJPVDzah9a+493+o2PCXsesWHIn27G98TsSMs3WPNbZIEj4+VJf6saSFpvD+3Zsw==

"@vitejs/plugin-vue@^1.3.0":
  version "1.4.0"
  resolved "https://registry.yarnpkg.com/@vitejs/plugin-vue/-/plugin-vue-1.4.0.tgz#962ae01b7fd16ad4007898c64ed639136e12215b"
  integrity sha512-RkqfJHz9wdLKBp5Yi+kQL8BAljdrvPoccQm2PTZc/UcL4EjD11xsv2PPCduYx2oV1a/bpSKA3sD5sxOHFhz+LA==

"@vue/compiler-core@3.5.18":
  version "3.5.18"
  resolved "https://registry.yarnpkg.com/@vue/compiler-core/-/compiler-core-3.5.18.tgz#521a138cdd970d9bfd27e42168d12f77a04b2074"
  integrity sha512-3slwjQrrV1TO8MoXgy3aynDQ7lslj5UqDxuHnrzHtpON5CBinhWjJETciPngpin/T3OuW3tXUf86tEurusnztw==
  dependencies:
    "@babel/parser" "^7.28.0"
    "@vue/shared" "3.5.18"
    entities "^4.5.0"
    estree-walker "^2.0.2"
    source-map-js "^1.2.1"

"@vue/compiler-dom@3.5.18":
  version "3.5.18"
  resolved "https://registry.yarnpkg.com/@vue/compiler-dom/-/compiler-dom-3.5.18.tgz#e13504492c3061ec5bbe6a2e789f15261d4f03a7"
  integrity sha512-RMbU6NTU70++B1JyVJbNbeFkK+A+Q7y9XKE2EM4NLGm2WFR8x9MbAtWxPPLdm0wUkuZv9trpwfSlL6tjdIa1+A==
  dependencies:
    "@vue/compiler-core" "3.5.18"
    "@vue/shared" "3.5.18"

"@vue/compiler-sfc@3.5.18", "@vue/compiler-sfc@^3.2.4":
  version "3.5.18"
  resolved "https://registry.yarnpkg.com/@vue/compiler-sfc/-/compiler-sfc-3.5.18.tgz#ba1e849561337d809937994cdaf900539542eeca"
  integrity sha512-5aBjvGqsWs+MoxswZPoTB9nSDb3dhd1x30xrrltKujlCxo48j8HGDNj3QPhF4VIS0VQDUrA1xUfp2hEa+FNyXA==
  dependencies:
    "@babel/parser" "^7.28.0"
    "@vue/compiler-core" "3.5.18"
    "@vue/compiler-dom" "3.5.18"
    "@vue/compiler-ssr" "3.5.18"
    "@vue/shared" "3.5.18"
    estree-walker "^2.0.2"
    magic-string "^0.30.17"
    postcss "^8.5.6"
    source-map-js "^1.2.1"

"@vue/compiler-ssr@3.5.18":
  version "3.5.18"
  resolved "https://registry.yarnpkg.com/@vue/compiler-ssr/-/compiler-ssr-3.5.18.tgz#aecde0b0bff268a9c9014ba66799307c4a784328"
  integrity sha512-xM16Ak7rSWHkM3m22NlmcdIM+K4BMyFARAfV9hYFl+SFuRzrZ3uGMNW05kA5pmeMa0X9X963Kgou7ufdbpOP9g==
  dependencies:
    "@vue/compiler-dom" "3.5.18"
    "@vue/shared" "3.5.18"

"@vue/reactivity@3.5.18":
  version "3.5.18"
  resolved "https://registry.yarnpkg.com/@vue/reactivity/-/reactivity-3.5.18.tgz#fe32166e3938832c54b4134e60e9b58ca7d9bdb4"
  integrity sha512-x0vPO5Imw+3sChLM5Y+B6G1zPjwdOri9e8V21NnTnlEvkxatHEH5B5KEAJcjuzQ7BsjGrKtfzuQ5eQwXh8HXBg==
  dependencies:
    "@vue/shared" "3.5.18"

"@vue/runtime-core@3.5.18":
  version "3.5.18"
  resolved "https://registry.yarnpkg.com/@vue/runtime-core/-/runtime-core-3.5.18.tgz#9e9ae8b9491548b53d0cea2bf25746d27c52e191"
  integrity sha512-DUpHa1HpeOQEt6+3nheUfqVXRog2kivkXHUhoqJiKR33SO4x+a5uNOMkV487WPerQkL0vUuRvq/7JhRgLW3S+w==
  dependencies:
    "@vue/reactivity" "3.5.18"
    "@vue/shared" "3.5.18"

"@vue/runtime-dom@3.5.18":
  version "3.5.18"
  resolved "https://registry.yarnpkg.com/@vue/runtime-dom/-/runtime-dom-3.5.18.tgz#1150952d1048b5822e4f1dd8aed24665cbb22107"
  integrity sha512-YwDj71iV05j4RnzZnZtGaXwPoUWeRsqinblgVJwR8XTXYZ9D5PbahHQgsbmzUvCWNF6x7siQ89HgnX5eWkr3mw==
  dependencies:
    "@vue/reactivity" "3.5.18"
    "@vue/runtime-core" "3.5.18"
    "@vue/shared" "3.5.18"
    csstype "^3.1.3"

"@vue/server-renderer@3.5.18":
  version "3.5.18"
  resolved "https://registry.yarnpkg.com/@vue/server-renderer/-/server-renderer-3.5.18.tgz#e9fa267b95b3a1d8cddca762377e5de2ae9122bd"
  integrity sha512-PvIHLUoWgSbDG7zLHqSqaCoZvHi6NNmfVFOqO+OnwvqMz/tqQr3FuGWS8ufluNddk7ZLBJYMrjcw1c6XzR12mA==
  dependencies:
    "@vue/compiler-ssr" "3.5.18"
    "@vue/shared" "3.5.18"

"@vue/shared@3.5.18":
  version "3.5.18"
  resolved "https://registry.yarnpkg.com/@vue/shared/-/shared-3.5.18.tgz#529f24a88d3ed678d50fd5c07455841fbe8ac95e"
  integrity sha512-cZy8Dq+uuIXbxCZpuLd2GJdeSO/lIzIspC2WtkqIpje5QyFbvLaI5wZtdUjLHjGZrlVX6GilejatWwVYYRc8tA==

abbrev@1:
  version "1.1.1"
  resolved "https://registry.yarnpkg.com/abbrev/-/abbrev-1.1.1.tgz#f8f2c887ad10bf67f634f005b6987fed3179aac8"
  integrity sha512-nne9/IiQ/hzIhY6pdDnbBtz7DjPTKrY00P/zvPSm5pOFkl6xuGrGnXn/VtTNNfNtAfZ9/1RtehkszU9qcTii0Q==

algoliasearch-helper@^3.11.3:
  version "3.12.0"
  resolved "https://registry.yarnpkg.com/algoliasearch-helper/-/algoliasearch-helper-3.12.0.tgz#0fe39d49b0290e4aa5e1fe733bd24d857d258e94"
  integrity sha512-/j1U3PEwdan0n6P/QqSnSpNSLC5+cEMvyljd5CnmNmUjDlGrys+vFEOwjVEnqELIiAGMHEA/Nl3CiKVFBUYqyQ==
  dependencies:
    "@algolia/events" "^4.0.1"

algoliasearch@4.12.1:
  version "4.12.1"
  resolved "https://registry.yarnpkg.com/algoliasearch/-/algoliasearch-4.12.1.tgz#574a2c5424c4b6681c026928fb810be2d2ec3924"
  integrity sha512-c0dM1g3zZBJrkzE5GA/Nu1y3fFxx3LCzxKzcmp2dgGS8P4CjszB/l3lsSh2MSrrK1Hn/KV4BlbBMXtYgG1Bfrw==
  dependencies:
    "@algolia/cache-browser-local-storage" "4.12.1"
    "@algolia/cache-common" "4.12.1"
    "@algolia/cache-in-memory" "4.12.1"
    "@algolia/client-account" "4.12.1"
    "@algolia/client-analytics" "4.12.1"
    "@algolia/client-common" "4.12.1"
    "@algolia/client-personalization" "4.12.1"
    "@algolia/client-search" "4.12.1"
    "@algolia/logger-common" "4.12.1"
    "@algolia/logger-console" "4.12.1"
    "@algolia/requester-browser-xhr" "4.12.1"
    "@algolia/requester-common" "4.12.1"
    "@algolia/requester-node-http" "4.12.1"
    "@algolia/transporter" "4.12.1"

colorette@^1.2.2:
  version "1.3.0"
  resolved "https://registry.yarnpkg.com/colorette/-/colorette-1.3.0.tgz#ff45d2f0edb244069d3b772adeb04fed38d0a0af"
  integrity sha512-ecORCqbSFP7Wm8Y6lyqMJjexBQqXSF7SSeaTyGGphogUjBlFP9m9o08wy86HL2uB7fMTxtOUzLMk7ogKcxMg1w==

csstype@^3.1.3:
  version "3.1.3"
  resolved "https://registry.yarnpkg.com/csstype/-/csstype-3.1.3.tgz#d80ff294d114fb0e6ac500fbf85b60137d7eff81"
  integrity sha512-M1uQkMl8rQK/szD0LNhtqxIPLpimGm8sOBwU7lLnCpSbTyY3yeU1Vc7l4KT5zT4s/yOxHH5O7tIuuLOCnLADRw==

entities@^4.5.0:
  version "4.5.0"
  resolved "https://registry.yarnpkg.com/entities/-/entities-4.5.0.tgz#5d268ea5e7113ec74c4d033b79ea5a35a488fb48"
  integrity sha512-V0hjH4dGPh9Ao5p0MoRY6BVqtwCjhz6vI5LT8AJ55H+4g9/4vbHx1I54fS0XuclLhDHArPQCiMjDxjaL8fPxhw==

esbuild@^0.12.17:
  version "0.12.21"
  resolved "https://registry.yarnpkg.com/esbuild/-/esbuild-0.12.21.tgz#7ff32a9ac73ce4310f9cb61ea4c3da9756570d46"
  integrity sha512-7hyXbU3g94aREufI/5nls7Xcc+RGQeZWZApm6hoBaFvt2BPtpT4TjFMQ9Tb1jU8XyBGz00ShmiyflCogphMHFQ==

estree-walker@^2.0.2:
  version "2.0.2"
  resolved "https://registry.yarnpkg.com/estree-walker/-/estree-walker-2.0.2.tgz#52f010178c2a4c117a7757cfe942adb7d2da4cac"
  integrity sha512-Rfkk/Mp/DL7JVje3u18FxFujQlTNR2q6QfMSMB7AvCBx91NGj/ba3kCfza0f6dVDbw7YlRf/nDrn7pQrCCyQ/w==

fsevents@~2.3.2:
  version "2.3.2"
  resolved "https://registry.yarnpkg.com/fsevents/-/fsevents-2.3.2.tgz#8a526f78b8fdf4623b709e0b975c52c24c02fd1a"
  integrity sha512-xiqMQR4xAeHTuB9uWm+fFRcIOgKBMiOBP+eXiyT7jsgVCq1bkVygt00oASowB7EdtpOHaaPgKt812P9ab+DDKA==

function-bind@^1.1.1:
  version "1.1.1"
  resolved "https://registry.yarnpkg.com/function-bind/-/function-bind-1.1.1.tgz#a56899d3ea3c9bab874bb9773b7c5ede92f4895d"
  integrity sha512-yIovAzMX49sF8Yl58fSCWJ5svSLuaibPxXQJFLmBObTuCr0Mf1KiPopGM9NiFjiYBCbfaa2Fh6breQ6ANVTI0A==

has@^1.0.3:
  version "1.0.3"
  resolved "https://registry.yarnpkg.com/has/-/has-1.0.3.tgz#722d7cbfc1f6aa8241f16dd814e011e1f41e8796"
  integrity sha512-f2dvO0VU6Oej7RkWJGrehjbzMAjFp5/VKPp5tTpWIV4JHHZK1/BxbFRtf/siA2SWTe09caDmVtYYzWEIbBS4zw==
  dependencies:
    function-bind "^1.1.1"

hogan.js@^3.0.2:
  version "3.0.2"
  resolved "https://registry.yarnpkg.com/hogan.js/-/hogan.js-3.0.2.tgz#4cd9e1abd4294146e7679e41d7898732b02c7bfd"
  integrity sha1-TNnhq9QpQUbnZ55B14mHMrAse/0=
  dependencies:
    mkdirp "0.3.0"
    nopt "1.0.10"

htm@^3.0.0:
  version "3.1.1"
  resolved "https://registry.yarnpkg.com/htm/-/htm-3.1.1.tgz#49266582be0dc66ed2235d5ea892307cc0c24b78"
  integrity sha512-983Vyg8NwUE7JkZ6NmOqpCZ+sh1bKv2iYTlUkzlWmA5JD2acKoxd4KVxbMmxX/85mtfdnDmTFoNKcg5DGAvxNQ==

instantsearch.js@4.55.0:
  version "4.55.0"
  resolved "https://registry.yarnpkg.com/instantsearch.js/-/instantsearch.js-4.55.0.tgz#4dd18d1cc2f5bd219a48de0a63742ab2faebc4b0"
  integrity sha512-jsxhPRgzL4C4cRjhkLm/AE9BO83o7bkL8GSHncSXu1sICBhy/6xxkv0x/bXI5PxYHhb9/PsEz5jblYn1lRwOLw==
  dependencies:
    "@algolia/events" "^4.0.1"
    "@algolia/ui-components-highlight-vdom" "^1.2.1"
    "@algolia/ui-components-shared" "^1.2.1"
    "@types/dom-speech-recognition" "^0.0.1"
    "@types/google.maps" "^3.45.3"
    "@types/hogan.js" "^3.0.0"
    "@types/qs" "^6.5.3"
    algoliasearch-helper "^3.11.3"
    hogan.js "^3.0.2"
    htm "^3.0.0"
    preact "^10.10.0"
    qs "^6.5.1 < 6.10"
    search-insights "^2.6.0"

is-core-module@^2.2.0:
  version "2.6.0"
  resolved "https://registry.yarnpkg.com/is-core-module/-/is-core-module-2.6.0.tgz#d7553b2526fe59b92ba3e40c8df757ec8a709e19"
  integrity sha512-wShG8vs60jKfPWpF2KZRaAtvt3a20OAn7+IJ6hLPECpSABLcKtFKTTI4ZtH5QcBruBHlq+WsdHWyz0BCZW7svQ==
  dependencies:
    has "^1.0.3"

magic-string@^0.30.17:
  version "0.30.17"
  resolved "https://registry.yarnpkg.com/magic-string/-/magic-string-0.30.17.tgz#450a449673d2460e5bbcfba9a61916a1714c7453"
  integrity sha512-sNPKHvyjVf7gyjwS4xGTaW/mCnF8wnjtifKBEhxfZ7E/S8tQ0rssrwGNn6q8JH/ohItJfSQp9mBtQYuTlH5QnA==
  dependencies:
    "@jridgewell/sourcemap-codec" "^1.5.0"

mitt@^2.1.0:
  version "2.1.0"
  resolved "https://registry.yarnpkg.com/mitt/-/mitt-2.1.0.tgz#f740577c23176c6205b121b2973514eade1b2230"
  integrity sha512-ILj2TpLiysu2wkBbWjAmww7TkZb65aiQO+DkVdUTBpBXq+MHYiETENkKFMtsJZX1Lf4pe4QOrTSjIfUwN5lRdg==

mkdirp@0.3.0:
  version "0.3.0"
  resolved "https://registry.yarnpkg.com/mkdirp/-/mkdirp-0.3.0.tgz#1bbf5ab1ba827af23575143490426455f481fe1e"
  integrity sha1-G79asbqCevI1dRQ0kEJkVfSB/h4=

nanoid@^3.1.23:
  version "3.1.25"
  resolved "https://registry.yarnpkg.com/nanoid/-/nanoid-3.1.25.tgz#09ca32747c0e543f0e1814b7d3793477f9c8e152"
  integrity sha512-rdwtIXaXCLFAQbnfqDRnI6jaRHp9fTcYBjtFKE8eezcZ7LuLjhUaQGNeMXf1HmRoCH32CLz6XwX0TtxEOS/A3Q==

nanoid@^3.3.11:
  version "3.3.11"
  resolved "https://registry.yarnpkg.com/nanoid/-/nanoid-3.3.11.tgz#4f4f112cefbe303202f2199838128936266d185b"
  integrity sha512-N8SpfPUnUp1bK+PMYW8qSWdl9U+wwNWI4QKxOYDy9JAro3WMX7p2OeVRF9v+347pnakNevPmiHhNmZ2HbFA76w==

nopt@1.0.10:
  version "1.0.10"
  resolved "https://registry.yarnpkg.com/nopt/-/nopt-1.0.10.tgz#6ddd21bd2a31417b92727dd585f8a6f37608ebee"
  integrity sha1-bd0hvSoxQXuScn3Vhfim83YI6+4=
  dependencies:
    abbrev "1"

path-parse@^1.0.6:
  version "1.0.7"
  resolved "https://registry.yarnpkg.com/path-parse/-/path-parse-1.0.7.tgz#fbc114b60ca42b30d9daf5858e4bd68bbedb6735"
  integrity sha512-LDJzPVEEEPR+y48z93A0Ed0yXb8pAByGWo/k5YYdYgpY2/2EsOsksJrq7lOHxryrVOn1ejG6oAp8ahvOIQD8sw==

picocolors@^1.1.1:
  version "1.1.1"
  resolved "https://registry.yarnpkg.com/picocolors/-/picocolors-1.1.1.tgz#3d321af3eab939b083c8f929a1d12cda81c26b6b"
  integrity sha512-xceH2snhtb5M9liqDsmEw56le376mTZkEX/jEb/RxNFyegNul7eNslCXP9FDj/Lcu0X8KEyMceP2ntpaHrDEVA==

postcss@^8.3.6:
  version "8.3.6"
  resolved "https://registry.yarnpkg.com/postcss/-/postcss-8.3.6.tgz#2730dd76a97969f37f53b9a6096197be311cc4ea"
  integrity sha512-wG1cc/JhRgdqB6WHEuyLTedf3KIRuD0hG6ldkFEZNCjRxiC+3i6kkWUUbiJQayP28iwG35cEmAbe98585BYV0A==
  dependencies:
    colorette "^1.2.2"
    nanoid "^3.1.23"
    source-map-js "^0.6.2"

postcss@^8.5.6:
  version "8.5.6"
  resolved "https://registry.yarnpkg.com/postcss/-/postcss-8.5.6.tgz#2825006615a619b4f62a9e7426cc120b349a8f3c"
  integrity sha512-3Ybi1tAuwAP9s0r1UQ2J4n5Y0G05bJkpUIO0/bI9MhwmD70S5aTWbXGBwxHrelT+XM1k6dM0pk+SwNkpTRN7Pg==
  dependencies:
    nanoid "^3.3.11"
    picocolors "^1.1.1"
    source-map-js "^1.2.1"

preact@^10.10.0:
  version "10.13.2"
  resolved "https://registry.yarnpkg.com/preact/-/preact-10.13.2.tgz#2c40c73d57248b57234c4ae6cd9ab9d8186ebc0a"
  integrity sha512-q44QFLhOhty2Bd0Y46fnYW0gD/cbVM9dUVtNTDKPcdXSMA7jfY+Jpd6rk3GB0lcQss0z5s/6CmVP0Z/hV+g6pw==

"qs@^6.5.1 < 6.10":
  version "6.9.6"
  resolved "https://registry.yarnpkg.com/qs/-/qs-6.9.6.tgz#26ed3c8243a431b2924aca84cc90471f35d5a0ee"
  integrity sha512-TIRk4aqYLNoJUbd+g2lEdz5kLWIuTMRagAXxl78Q0RiVjAOugHmeKNGdd3cwo/ktpf9aL9epCfFqWDEKysUlLQ==

regenerator-runtime@^0.13.11:
  version "0.13.11"
  resolved "https://registry.yarnpkg.com/regenerator-runtime/-/regenerator-runtime-0.13.11.tgz#f6dca3e7ceec20590d07ada785636a90cdca17f9"
  integrity sha512-kY1AZVr2Ra+t+piVaJ4gxaFaReZVH40AKNo7UCX6W+dEwBo/2oZJzqfuN1qLq1oL45o56cPaTXELwrTh8Fpggg==

resolve@^1.20.0:
  version "1.20.0"
  resolved "https://registry.yarnpkg.com/resolve/-/resolve-1.20.0.tgz#629a013fb3f70755d6f0b7935cc1c2c5378b1975"
  integrity sha512-wENBPt4ySzg4ybFQW2TT1zMQucPK95HSh/nq2CFTZVOGut2+pQvSsgtda4d26YrYcr067wjbmzOG8byDPBX63A==
  dependencies:
    is-core-module "^2.2.0"
    path-parse "^1.0.6"

rollup@^2.38.5:
  version "2.56.2"
  resolved "https://registry.yarnpkg.com/rollup/-/rollup-2.56.2.tgz#a045ff3f6af53ee009b5f5016ca3da0329e5470f"
  integrity sha512-s8H00ZsRi29M2/lGdm1u8DJpJ9ML8SUOpVVBd33XNeEeL3NVaTiUcSBHzBdF3eAyR0l7VSpsuoVUGrRHq7aPwQ==
  optionalDependencies:
    fsevents "~2.3.2"

search-insights@^2.6.0:
  version "2.6.0"
  resolved "https://registry.yarnpkg.com/search-insights/-/search-insights-2.6.0.tgz#bb8771a73b83c4a0f1f207c2f64fea01acd3e7d0"
  integrity sha512-vU2/fJ+h/Mkm/DJOe+EaM5cafJv/1rRTZpGJTuFPf/Q5LjzgMDsqPdSaZsAe+GAWHHsfsu+rQSAn6c8IGtBEVw==

source-map-js@^0.6.2:
  version "0.6.2"
  resolved "https://registry.yarnpkg.com/source-map-js/-/source-map-js-0.6.2.tgz#0bb5de631b41cfbda6cfba8bd05a80efdfd2385e"
  integrity sha512-/3GptzWzu0+0MBQFrDKzw/DvvMTUORvgY6k6jd/VS6iCR4RDTKWH6v6WPwQoUO8667uQEf9Oe38DxAYWY5F/Ug==

source-map-js@^1.2.1:
  version "1.2.1"
  resolved "https://registry.yarnpkg.com/source-map-js/-/source-map-js-1.2.1.tgz#1ce5650fddd87abc099eda37dcff024c2667ae46"
  integrity sha512-UXWMKhLOwVKb728IUtQPXxfYU+usdybtUrK/8uGE8CQMvrhOpwvzDBwj0QhSL7MQc7vIsISBG8VQ8+IDQxpfQA==

vite@^2.4.4:
  version "2.5.0"
  resolved "https://registry.yarnpkg.com/vite/-/vite-2.5.0.tgz#111ba3679432d426e44566acf480005a7914cbd6"
  integrity sha512-Dn4B+g54PJsMG5WCc4QeFy1ygMXRdTtFrUPegqfk4+vzVQcbF/DqqmI/1bxezArzbujBJg/67QeT5wz8edfJVQ==
  dependencies:
    esbuild "^0.12.17"
    postcss "^8.3.6"
    resolve "^1.20.0"
    rollup "^2.38.5"
  optionalDependencies:
    fsevents "~2.3.2"

vue-instantsearch@4.9.0:
  version "4.9.0"
  resolved "https://registry.yarnpkg.com/vue-instantsearch/-/vue-instantsearch-4.9.0.tgz#d3f894437fba8cd2502704a23977b4610422d0c9"
  integrity sha512-PfGLk1ogpNBUiiewGRZYlgrccHFoIgMz+P2JgYW81fztZU85AxqtOJXgrs6C88vryeMUtOeIz8cg+bWun2AkwQ==
  dependencies:
    instantsearch.js "4.55.0"
    mitt "^2.1.0"

vue@^3.2.4:
  version "3.5.18"
  resolved "https://registry.yarnpkg.com/vue/-/vue-3.5.18.tgz#3d622425ad1391a2b0138323211ec784f4415686"
  integrity sha512-7W4Y4ZbMiQ3SEo+m9lnoNpV9xG7QVMLa+/0RFwwiAVkeYoyGXqWE85jabU4pllJNUzqfLShJ5YLptewhCWUgNA==
  dependencies:
    "@vue/compiler-dom" "3.5.18"
    "@vue/compiler-sfc" "3.5.18"
    "@vue/runtime-dom" "3.5.18"
    "@vue/server-renderer" "3.5.18"
    "@vue/shared" "3.5.18"
